{
  "version": 4,
  "terraform_version": "1.15.6",
  "serial": 1,
  "lineage": "1edc7489-88c7-081a-ede5-2f317c65b692",
  "outputs": {},
  "resources": [
    {
      "mode": "managed",
      "type": "newrelic_one_dashboard",
      "name": "interaction_api",
      "provider": "provider[\"registry.terraform.io/newrelic/newrelic\"]",
      "instances": [
        {
          "schema_version": 0,
          "attributes": {
            "account_id": 8203215,
            "description": null,
            "guid": "ODIwMzIxNXxWSVp8REFTSEJPQVJEfGRhOjEyNzYzMjY1",
            "id": "ODIwMzIxNXxWSVp8REFTSEJPQVJEfGRhOjEyNzYzMjY1",
            "name": "Interaction API — Business KPIs",
            "page": [
              {
                "description": "",
                "guid": "ODIwMzIxNXxWSVp8REFTSEJPQVJEfDQ5MjgzODg0",
                "name": "Overview",
                "widget_area": [],
                "widget_bar": [],
                "widget_billboard": [
                  {
                    "billboard_settings": [],
                    "chart_styles": [],
                    "colors": [],
                    "column": 1,
                    "critical": "",
                    "data_format": [],
                    "facet_show_other_series": false,
                    "height": 3,
                    "id": "548442441",
                    "ignore_time_range": false,
                    "initial_sorting": [],
                    "legend_enabled": true,
                    "nrql_query": [
                      {
                        "account_id": "8203215",
                        "query": "SELECT count(*) AS 'interactions' FROM InteractionCreated SINCE 1 hour ago"
                      }
                    ],
                    "null_values": [],
                    "refresh_rate": "",
                    "row": 1,
                    "title": "Total interactions (1 hour)",
                    "units": [],
                    "warning": "",
                    "width": 4,
                    "y_axis_left_max": 0,
                    "y_axis_left_min": 0
                  }
                ],
                "widget_bullet": [],
                "widget_funnel": [],
                "widget_heatmap": [],
                "widget_histogram": [],
                "widget_json": [],
                "widget_line": [],
                "widget_log_table": [],
                "widget_markdown": [],
                "widget_pie": [],
                "widget_stacked_bar": [],
                "widget_table": []
              }
            ],
            "permalink": "https://one.newrelic.com/redirect/entity/ODIwMzIxNXxWSVp8REFTSEJPQVJEfGRhOjEyNzYzMjY1",
            "permissions": "public_read_only",
            "variable": []
          },
          "sensitive_attributes": [],
          "identity_schema_version": 0,
          "private": "bnVsbA=="
        }
      ]
    }
  ],
  "check_results": null
}
